{
  "version": 4,
  "terraform_version": "1.7.1",
  "serial": 33,
  "lineage": "b8ba2af9-fe28-1f71-3fbd-f815585bf7d0",
  "outputs": {},
  "resources": [
    {
      "mode": "managed",
      "type": "proxmox_virtual_environment_vm",
      "name": "user_example2",
      "provider": "provider[\"registry.opentofu.org/bpg/proxmox\"]",
      "instances": [
        {
          "index_key": 1,
          "status": "tainted",
          "schema_version": 0,
          "attributes": {
            "acpi": true,
            "agent": [
              {
                "enabled": true,
                "timeout": "15m",
                "trim": true,
                "type": "virtio"
              }
            ],
            "audio_device": [],
            "bios": "seabios",
            "boot_order": null,
            "cdrom": [],
            "clone": [
              {
                "datastore_id": "local-lvm",
                "full": true,
                "node_name": "atlantis",
                "retries": 2,
                "vm_id": 4001
              }
            ],
            "cpu": [
              {
                "affinity": "",
                "architecture": "x86_64",
                "cores": 2,
                "flags": null,
                "hotplugged": 0,
                "limit": 0,
                "numa": true,
                "sockets": 1,
                "type": "x86-64-v2-AES",
                "units": 1024
              }
            ],
            "description": "Managed by terraform.",
            "disk": [
              {
                "aio": "io_uring",
                "backup": true,
                "cache": "none",
                "datastore_id": "local-lvm",
                "discard": "on",
                "file_format": "raw",
                "file_id": "",
                "interface": "scsi0",
                "iothread": true,
                "path_in_datastore": "",
                "replicate": true,
                "size": 64,
                "speed": [],
                "ssd": false
              }
            ],
            "efi_disk": [],
            "hook_script_file_id": null,
            "hostpci": [],
            "id": "5001",
            "initialization": [
              {
                "datastore_id": "local-lvm",
                "dns": [
                  {
                    "domain": "atlantis.int-evry.fr",
                    "server": "",
                    "servers": [
                      "9.9.9.9"
                    ]
                  }
                ],
                "interface": "",
                "ip_config": [
                  {
                    "ipv4": [
                      {
                        "address": "157.159.11.219/24",
                        "gateway": ""
                      }
                    ],
                    "ipv6": []
                  }
                ],
                "meta_data_file_id": "",
                "network_data_file_id": "",
                "type": "",
                "upgrade": false,
                "user_account": [
                  {
                    "keys": [
                      "ssh_key_eee"
                    ],
                    "password": "",
                    "username": "mwilliot"
                  }
                ],
                "user_data_file_id": "",
                "vendor_data_file_id": ""
              }
            ],
            "ipv4_addresses": null,
            "ipv6_addresses": null,
            "keyboard_layout": "fr",
            "kvm_arguments": null,
            "mac_addresses": null,
            "machine": "q35",
            "memory": [
              {
                "dedicated": 8192,
                "floating": 4096,
                "hugepages": "",
                "keep_hugepages": false,
                "shared": 0
              }
            ],
            "migrate": true,
            "name": "CSC4101-mwilliot-1",
            "network_device": [
              {
                "bridge": "vmbr11",
                "disconnected": false,
                "enabled": true,
                "firewall": false,
                "mac_address": "",
                "model": "virtio",
                "mtu": 0,
                "queues": 0,
                "rate_limit": 0,
                "trunks": "",
                "vlan_id": 0
              }
            ],
            "network_interface_names": null,
            "node_name": "atlantis",
            "numa": [],
            "on_boot": true,
            "operating_system": [
              {
                "type": "l26"
              }
            ],
            "pool_id": null,
            "protection": false,
            "reboot": false,
            "scsi_hardware": "virtio-scsi-single",
            "serial_device": [
              {
                "device": "socket"
              }
            ],
            "smbios": [],
            "started": false,
            "startup": [
              {
                "down_delay": 20,
                "order": 1,
                "up_delay": 20
              }
            ],
            "stop_on_destroy": false,
            "tablet_device": false,
            "tags": null,
            "template": false,
            "timeout_clone": 1800,
            "timeout_create": 1800,
            "timeout_migrate": 1800,
            "timeout_move_disk": 1800,
            "timeout_reboot": 1800,
            "timeout_shutdown_vm": 1800,
            "timeout_start_vm": 1800,
            "timeout_stop_vm": 300,
            "tpm_state": [],
            "usb": [],
            "vga": [],
            "vm_id": 5001
          },
          "sensitive_attributes": [],
          "private": "bnVsbA=="
        }
      ]
    }
  ],
  "check_results": null
}
